// !$*UTF8*$!
{
	archiveVersion = 1;
	classes = {
	};
	objectVersion = 60;
	objects = {

/* Begin PBXBuildFile section */
		C30DC6112B07EC0F007285F7 /* HsFFIMacro in Frameworks */ = {isa = PBXBuildFile; productRef = C30DC6102B07EC0F007285F7 /* HsFFIMacro */; };
		C356F9F22AFD970F00285AD5 /* SwiftHaskellApp.swift in Sources */ = {isa = PBXBuildFile; fileRef = C356F9F12AFD970F00285AD5 /* SwiftHaskellApp.swift */; };
		C356F9F42AFD970F00285AD5 /* ContentView.swift in Sources */ = {isa = PBXBuildFile; fileRef = C356F9F32AFD970F00285AD5 /* ContentView.swift */; };
		C356F9F62AFD971000285AD5 /* Assets.xcassets in Resources */ = {isa = PBXBuildFile; fileRef = C356F9F52AFD971000285AD5 /* Assets.xcassets */; };
		C356F9F92AFD971000285AD5 /* Preview Assets.xcassets in Resources */ = {isa = PBXBuildFile; fileRef = C356F9F82AFD971000285AD5 /* Preview Assets.xcassets */; };
		C356FA092AFDA14C00285AD5 /* BuildSettings.xcconfig in Resources */ = {isa = PBXBuildFile; fileRef = C356FA082AFDA14C00285AD5 /* BuildSettings.xcconfig */; };
		C356FA832AFE487A00285AD5 /* libhaskell-foreign-framework.dylib in CopyFiles */ = {isa = PBXBuildFile; fileRef = C356FA822AFE487A00285AD5 /* libhaskell-foreign-framework.dylib */; settings = {ATTRIBUTES = (CodeSignOnCopy, ); }; };
/* End PBXBuildFile section */

/* Begin PBXCopyFilesBuildPhase section */
		C356FA812AFE481100285AD5 /* CopyFiles */ = {
			isa = PBXCopyFilesBuildPhase;
			buildActionMask = 2147483647;
			dstPath = "";
			dstSubfolderSpec = 10;
			files = (
				C356FA832AFE487A00285AD5 /* libhaskell-foreign-framework.dylib in CopyFiles */,
			);
			runOnlyForDeploymentPostprocessing = 0;
		};
/* End PBXCopyFilesBuildPhase section */

/* Begin PBXFileReference section */
		C356F9EE2AFD970F00285AD5 /* SwiftHaskell.app */ = {isa = PBXFileReference; explicitFileType = wrapper.application; includeInIndex = 0; path = SwiftHaskell.app; sourceTree = BUILT_PRODUCTS_DIR; };
		C356F9F12AFD970F00285AD5 /* SwiftHaskellApp.swift */ = {isa = PBXFileReference; lastKnownFileType = sourcecode.swift; path = SwiftHaskellApp.swift; sourceTree = "<group>"; };
		C356F9F32AFD970F00285AD5 /* ContentView.swift */ = {isa = PBXFileReference; lastKnownFileType = sourcecode.swift; path = ContentView.swift; sourceTree = "<group>"; };
		C356F9F52AFD971000285AD5 /* Assets.xcassets */ = {isa = PBXFileReference; lastKnownFileType = folder.assetcatalog; path = Assets.xcassets; sourceTree = "<group>"; };
		C356F9F82AFD971000285AD5 /* Preview Assets.xcassets */ = {isa = PBXFileReference; lastKnownFileType = folder.assetcatalog; path = "Preview Assets.xcassets"; sourceTree = "<group>"; };
		C356F9FA2AFD971000285AD5 /* SwiftHaskell.entitlements */ = {isa = PBXFileReference; lastKnownFileType = text.plist.entitlements; path = SwiftHaskell.entitlements; sourceTree = "<group>"; };
		C356FA082AFDA14C00285AD5 /* BuildSettings.xcconfig */ = {isa = PBXFileReference; fileEncoding = 4; lastKnownFileType = text.xcconfig; path = BuildSettings.xcconfig; sourceTree = SOURCE_ROOT; };
		C356FA822AFE487A00285AD5 /* libhaskell-foreign-framework.dylib */ = {isa = PBXFileReference; lastKnownFileType = "compiled.mach-o.dylib"; name = "libhaskell-foreign-framework.dylib"; path = "haskell-framework/dist-newstyle/build/aarch64-osx/ghc-9.8.1/haskell-framework-0.1.0.0/f/haskell-foreign-framework/build/haskell-foreign-framework/libhaskell-foreign-framework.dylib"; sourceTree = "<group>"; };
/* End PBXFileReference section */

/* Begin PBXFrameworksBuildPhase section */
		C356F9EB2AFD970F00285AD5 /* Frameworks */ = {
			isa = PBXFrameworksBuildPhase;
			buildActionMask = 2147483647;
			files = (
				C30DC6112B07EC0F007285F7 /* HsFFIMacro in Frameworks */,
			);
			runOnlyForDeploymentPostprocessing = 0;
		};
/* End PBXFrameworksBuildPhase section */

/* Begin PBXGroup section */
		C30DC60F2B07EC0F007285F7 /* Frameworks */ = {
			isa = PBXGroup;
			children = (
			);
			name = Frameworks;
			sourceTree = "<group>";
		};
		C356F9E52AFD970F00285AD5 = {
			isa = PBXGroup;
			children = (
				C356FA822AFE487A00285AD5 /* libhaskell-foreign-framework.dylib */,
				C356FA082AFDA14C00285AD5 /* BuildSettings.xcconfig */,
				C356F9F02AFD970F00285AD5 /* SwiftHaskell */,
				C356F9EF2AFD970F00285AD5 /* Products */,
				C30DC60F2B07EC0F007285F7 /* Frameworks */,
			);
			sourceTree = "<group>";
		};
		C356F9EF2AFD970F00285AD5 /* Products */ = {
			isa = PBXGroup;
			children = (
				C356F9EE2AFD970F00285AD5 /* SwiftHaskell.app */,
			);
			name = Products;
			sourceTree = "<group>";
		};
		C356F9F02AFD970F00285AD5 /* SwiftHaskell */ = {
			isa = PBXGroup;
			children = (
				C356F9F12AFD970F00285AD5 /* SwiftHaskellApp.swift */,
				C356F9F32AFD970F00285AD5 /* ContentView.swift */,
				C356F9F52AFD971000285AD5 /* Assets.xcassets */,
				C356F9FA2AFD971000285AD5 /* SwiftHaskell.entitlements */,
				C356F9F72AFD971000285AD5 /* Preview Content */,
			);
			path = SwiftHaskell;
			sourceTree = "<group>";
		};
		C356F9F72AFD971000285AD5 /* Preview Content */ = {
			isa = PBXGroup;
			children = (
				C356F9F82AFD971000285AD5 /* Preview Assets.xcassets */,
			);
			path = "Preview Content";
			sourceTree = "<group>";
		};
/* End PBXGroup section */

/* Begin PBXNativeTarget section */
		C356F9ED2AFD970F00285AD5 /* SwiftHaskell */ = {
			isa = PBXNativeTarget;
			buildConfigurationList = C356F9FD2AFD971000285AD5 /* Build configuration list for PBXNativeTarget "SwiftHaskell" */;
			buildPhases = (
				C356F9EA2AFD970F00285AD5 /* Sources */,
				C356FA812AFE481100285AD5 /* CopyFiles */,
				C356F9EB2AFD970F00285AD5 /* Frameworks */,
				C356F9EC2AFD970F00285AD5 /* Resources */,
			);
			buildRules = (
			);
			dependencies = (
			);
			name = SwiftHaskell;
			packageProductDependencies = (
				C30DC6102B07EC0F007285F7 /* HsFFIMacro */,
			);
			productName = SwiftHaskell;
			productReference = C356F9EE2AFD970F00285AD5 /* SwiftHaskell.app */;
			productType = "com.apple.product-type.application";
		};
/* End PBXNativeTarget section */

/* Begin PBXProject section */
		C356F9E62AFD970F00285AD5 /* Project object */ = {
			isa = PBXProject;
			attributes = {
				BuildIndependentTargetsInParallel = 1;
				LastSwiftUpdateCheck = 1500;
				LastUpgradeCheck = 1500;
				TargetAttributes = {
					C356F9ED2AFD970F00285AD5 = {
						CreatedOnToolsVersion = 15.0.1;
					};
				};
			};
			buildConfigurationList = C356F9E92AFD970F00285AD5 /* Build configuration list for PBXProject "SwiftHaskell" */;
			compatibilityVersion = "Xcode 14.0";
			developmentRegion = en;
			hasScannedForEncodings = 0;
			knownRegions = (
				en,
				Base,
			);
			mainGroup = C356F9E52AFD970F00285AD5;
			packageReferences = (
				C3F020152B07EB77004F8310 /* XCLocalSwiftPackageReference "../HsFFIMacro" */,
			);
			productRefGroup = C356F9EF2AFD970F00285AD5 /* Products */;
			projectDirPath = "";
			projectRoot = "";
			targets = (
				C356F9ED2AFD970F00285AD5 /* SwiftHaskell */,
			);
		};
/* End PBXProject section */

/* Begin PBXResourcesBuildPhase section */
		C356F9EC2AFD970F00285AD5 /* Resources */ = {
			isa = PBXResourcesBuildPhase;
			buildActionMask = 2147483647;
			files = (
				C356FA092AFDA14C00285AD5 /* BuildSettings.xcconfig in Resources */,
				C356F9F92AFD971000285AD5 /* Preview Assets.xcassets in Resources */,
				C356F9F62AFD971000285AD5 /* Assets.xcassets in Resources */,
			);
			runOnlyForDeploymentPostprocessing = 0;
		};
/* End PBXResourcesBuildPhase section */

/* Begin PBXSourcesBuildPhase section */
		C356F9EA2AFD970F00285AD5 /* Sources */ = {
			isa = PBXSourcesBuildPhase;
			buildActionMask = 2147483647;
			files = (
				C356F9F42AFD970F00285AD5 /* ContentView.swift in Sources */,
				C356F9F22AFD970F00285AD5 /* SwiftHaskellApp.swift in Sources */,
			);
			runOnlyForDeploymentPostprocessing = 0;
		};
/* End PBXSourcesBuildPhase section */

/* Begin XCBuildConfiguration section */
		C356F9FB2AFD971000285AD5 /* Debug */ = {
			isa = XCBuildConfiguration;
			baseConfigurationReference = C356FA082AFDA14C00285AD5 /* BuildSettings.xcconfig */;
			buildSettings = {
				ALWAYS_SEARCH_USER_PATHS = NO;
				ASSETCATALOG_COMPILER_GENERATE_SWIFT_ASSET_SYMBOL_EXTENSIONS = YES;
				CLANG_ANALYZER_NONNULL = YES;
				CLANG_ANALYZER_NUMBER_OBJECT_CONVERSION = YES_AGGRESSIVE;
				CLANG_CXX_LANGUAGE_STANDARD = "gnu++20";
				CLANG_ENABLE_MODULES = YES;
				CLANG_ENABLE_OBJC_ARC = YES;
				CLANG_ENABLE_OBJC_WEAK = YES;
				CLANG_WARN_BLOCK_CAPTURE_AUTORELEASING = YES;
				CLANG_WARN_BOOL_CONVERSION = YES;
				CLANG_WARN_COMMA = YES;
				CLANG_WARN_CONSTANT_CONVERSION = YES;
				CLANG_WARN_DEPRECATED_OBJC_IMPLEMENTATIONS = YES;
				CLANG_WARN_DIRECT_OBJC_ISA_USAGE = YES_ERROR;
				CLANG_WARN_DOCUMENTATION_COMMENTS = YES;
				CLANG_WARN_EMPTY_BODY = YES;
				CLANG_WARN_ENUM_CONVERSION = YES;
				CLANG_WARN_INFINITE_RECURSION = YES;
				CLANG_WARN_INT_CONVERSION = YES;
				CLANG_WARN_NON_LITERAL_NULL_CONVERSION = YES;
				CLANG_WARN_OBJC_IMPLICIT_RETAIN_SELF = YES;
				CLANG_WARN_OBJC_LITERAL_CONVERSION = YES;
				CLANG_WARN_OBJC_ROOT_CLASS = YES_ERROR;
				CLANG_WARN_QUOTED_INCLUDE_IN_FRAMEWORK_HEADER = YES;
				CLANG_WARN_RANGE_LOOP_ANALYSIS = YES;
				CLANG_WARN_STRICT_PROTOTYPES = YES;
				CLANG_WARN_SUSPICIOUS_MOVE = YES;
				CLANG_WARN_UNGUARDED_AVAILABILITY = YES_AGGRESSIVE;
				CLANG_WARN_UNREACHABLE_CODE = YES;
				CLANG_WARN__DUPLICATE_METHOD_MATCH = YES;
				COPY_PHASE_STRIP = NO;
				DEBUG_INFORMATION_FORMAT = dwarf;
				ENABLE_STRICT_OBJC_MSGSEND = YES;
				ENABLE_TESTABILITY = YES;
				ENABLE_USER_SCRIPT_SANDBOXING = YES;
				GCC_C_LANGUAGE_STANDARD = gnu17;
				GCC_DYNAMIC_NO_PIC = NO;
				GCC_NO_COMMON_BLOCKS = YES;
				GCC_OPTIMIZATION_LEVEL = 0;
				GCC_PREPROCESSOR_DEFINITIONS = (
					"DEBUG=1",
					"$(inherited)",
				);
				GCC_WARN_64_TO_32_BIT_CONVERSION = YES;
				GCC_WARN_ABOUT_RETURN_TYPE = YES_ERROR;
				GCC_WARN_UNDECLARED_SELECTOR = YES;
				GCC_WARN_UNINITIALIZED_AUTOS = YES_AGGRESSIVE;
				GCC_WARN_UNUSED_FUNCTION = YES;
				GCC_WARN_UNUSED_VARIABLE = YES;
				LOCALIZATION_PREFERS_STRING_CATALOGS = YES;
				MACOSX_DEPLOYMENT_TARGET = 14.0;
				MTL_ENABLE_DEBUG_INFO = INCLUDE_SOURCE;
				MTL_FAST_MATH = YES;
				ONLY_ACTIVE_ARCH = YES;
				SDKROOT = macosx;
				SWIFT_ACTIVE_COMPILATION_CONDITIONS = "DEBUG $(inherited)";
				SWIFT_OPTIMIZATION_LEVEL = "-Onone";
			};
			name = Debug;
		};
		C356F9FC2AFD971000285AD5 /* Release */ = {
			isa = XCBuildConfiguration;
			baseConfigurationReference = C356FA082AFDA14C00285AD5 /* BuildSettings.xcconfig */;
			buildSettings = {
				ALWAYS_SEARCH_USER_PATHS = NO;
				ASSETCATALOG_COMPILER_GENERATE_SWIFT_ASSET_SYMBOL_EXTENSIONS = YES;
				CLANG_ANALYZER_NONNULL = YES;
				CLANG_ANALYZER_NUMBER_OBJECT_CONVERSION = YES_AGGRESSIVE;
				CLANG_CXX_LANGUAGE_STANDARD = "gnu++20";
				CLANG_ENABLE_MODULES = YES;
				CLANG_ENABLE_OBJC_ARC = YES;
				CLANG_ENABLE_OBJC_WEAK = YES;
				CLANG_WARN_BLOCK_CAPTURE_AUTORELEASING = YES;
				CLANG_WARN_BOOL_CONVERSION = YES;
				CLANG_WARN_COMMA = YES;
				CLANG_WARN_CONSTANT_CONVERSION = YES;
				CLANG_WARN_DEPRECATED_OBJC_IMPLEMENTATIONS = YES;
				CLANG_WARN_DIRECT_OBJC_ISA_USAGE = YES_ERROR;
				CLANG_WARN_DOCUMENTATION_COMMENTS = YES;
				CLANG_WARN_EMPTY_BODY = YES;
				CLANG_WARN_ENUM_CONVERSION = YES;
				CLANG_WARN_INFINITE_RECURSION = YES;
				CLANG_WARN_INT_CONVERSION = YES;
				CLANG_WARN_NON_LITERAL_NULL_CONVERSION = YES;
				CLANG_WARN_OBJC_IMPLICIT_RETAIN_SELF = YES;
				CLANG_WARN_OBJC_LITERAL_CONVERSION = YES;
				CLANG_WARN_OBJC_ROOT_CLASS = YES_ERROR;
				CLANG_WARN_QUOTED_INCLUDE_IN_FRAMEWORK_HEADER = YES;
				CLANG_WARN_RANGE_LOOP_ANALYSIS = YES;
				CLANG_WARN_STRICT_PROTOTYPES = YES;
				CLANG_WARN_SUSPICIOUS_MOVE = YES;
				CLANG_WARN_UNGUARDED_AVAILABILITY = YES_AGGRESSIVE;
				CLANG_WARN_UNREACHABLE_CODE = YES;
				CLANG_WARN__DUPLICATE_METHOD_MATCH = YES;
				COPY_PHASE_STRIP = NO;
				DEBUG_INFORMATION_FORMAT = "dwarf-with-dsym";
				ENABLE_NS_ASSERTIONS = NO;
				ENABLE_STRICT_OBJC_MSGSEND = YES;
				ENABLE_USER_SCRIPT_SANDBOXING = YES;
				GCC_C_LANGUAGE_STANDARD = gnu17;
				GCC_NO_COMMON_BLOCKS = YES;
				GCC_WARN_64_TO_32_BIT_CONVERSION = YES;
				GCC_WARN_ABOUT_RETURN_TYPE = YES_ERROR;
				GCC_WARN_UNDECLARED_SELECTOR = YES;
				GCC_WARN_UNINITIALIZED_AUTOS = YES_AGGRESSIVE;
				GCC_WARN_UNUSED_FUNCTION = YES;
				GCC_WARN_UNUSED_VARIABLE = YES;
				LOCALIZATION_PREFERS_STRING_CATALOGS = YES;
				MACOSX_DEPLOYMENT_TARGET = 14.0;
				MTL_ENABLE_DEBUG_INFO = NO;
				MTL_FAST_MATH = YES;
				SDKROOT = macosx;
				SWIFT_COMPILATION_MODE = wholemodule;
			};
			name = Release;
		};
		C356F9FE2AFD971000285AD5 /* Debug */ = {
			isa = XCBuildConfiguration;
			buildSettings = {
				ASSETCATALOG_COMPILER_APPICON_NAME = AppIcon;
				ASSETCATALOG_COMPILER_GLOBAL_ACCENT_COLOR_NAME = AccentColor;
				CODE_SIGN_ENTITLEMENTS = SwiftHaskell/SwiftHaskell.entitlements;
				CODE_SIGN_STYLE = Automatic;
				COMBINE_HIDPI_IMAGES = YES;
				CURRENT_PROJECT_VERSION = 1;
				DEVELOPMENT_ASSET_PATHS = "\"SwiftHaskell/Preview Content\"";
				DEVELOPMENT_TEAM = 6DK27X5SAW;
				ENABLE_HARDENED_RUNTIME = YES;
				ENABLE_PREVIEWS = YES;
				GENERATE_INFOPLIST_FILE = YES;
				INFOPLIST_KEY_NSHumanReadableCopyright = "";
				LD_RUNPATH_SEARCH_PATHS = (
					"$(inherited)",
					"@executable_path/../Frameworks",
				);
				MARKETING_VERSION = 1.0;
				PRODUCT_BUNDLE_IDENTIFIER = romes.SwiftHaskell;
				PRODUCT_NAME = "$(TARGET_NAME)";
				SWIFT_EMIT_LOC_STRINGS = YES;
				SWIFT_VERSION = 5.0;
			};
			name = Debug;
		};
		C356F9FF2AFD971000285AD5 /* Release */ = {
			isa = XCBuildConfiguration;
			buildSettings = {
				ASSETCATALOG_COMPILER_APPICON_NAME = AppIcon;
				ASSETCATALOG_COMPILER_GLOBAL_ACCENT_COLOR_NAME = AccentColor;
				CODE_SIGN_ENTITLEMENTS = SwiftHaskell/SwiftHaskell.entitlements;
				CODE_SIGN_STYLE = Automatic;
				COMBINE_HIDPI_IMAGES = YES;
				CURRENT_PROJECT_VERSION = 1;
				DEVELOPMENT_ASSET_PATHS = "\"SwiftHaskell/Preview Content\"";
				DEVELOPMENT_TEAM = 6DK27X5SAW;
				ENABLE_HARDENED_RUNTIME = YES;
				ENABLE_PREVIEWS = YES;
				GENERATE_INFOPLIST_FILE = YES;
				INFOPLIST_KEY_NSHumanReadableCopyright = "";
				LD_RUNPATH_SEARCH_PATHS = (
					"$(inherited)",
					"@executable_path/../Frameworks",
				);
				MARKETING_VERSION = 1.0;
				PRODUCT_BUNDLE_IDENTIFIER = romes.SwiftHaskell;
				PRODUCT_NAME = "$(TARGET_NAME)";
				SWIFT_EMIT_LOC_STRINGS = YES;
				SWIFT_VERSION = 5.0;
			};
			name = Release;
		};
/* End XCBuildConfiguration section */

/* Begin XCConfigurationList section */
		C356F9E92AFD970F00285AD5 /* Build configuration list for PBXProject "SwiftHaskell" */ = {
			isa = XCConfigurationList;
			buildConfigurations = (
				C356F9FB2AFD971000285AD5 /* Debug */,
				C356F9FC2AFD971000285AD5 /* Release */,
			);
			defaultConfigurationIsVisible = 0;
			defaultConfigurationName = Release;
		};
		C356F9FD2AFD971000285AD5 /* Build configuration list for PBXNativeTarget "SwiftHaskell" */ = {
			isa = XCConfigurationList;
			buildConfigurations = (
				C356F9FE2AFD971000285AD5 /* Debug */,
				C356F9FF2AFD971000285AD5 /* Release */,
			);
			defaultConfigurationIsVisible = 0;
			defaultConfigurationName = Release;
		};
/* End XCConfigurationList section */

/* Begin XCLocalSwiftPackageReference section */
		C3F020152B07EB77004F8310 /* XCLocalSwiftPackageReference "../HsFFIMacro" */ = {
			isa = XCLocalSwiftPackageReference;
			relativePath = ../HsFFIMacro;
		};
/* End XCLocalSwiftPackageReference section */

/* Begin XCSwiftPackageProductDependency section */
		C30DC6102B07EC0F007285F7 /* HsFFIMacro */ = {
			isa = XCSwiftPackageProductDependency;
			package = C3F020152B07EB77004F8310 /* XCLocalSwiftPackageReference "../HsFFIMacro" */;
			productName = HsFFIMacro;
		};
/* End XCSwiftPackageProductDependency section */
	};
	rootObject = C356F9E62AFD970F00285AD5 /* Project object */;
}
